
Microsoft Visual Studio Solution File, Format Version 12.00
# Visual Studio Version 17
VisualStudioVersion = 17.2.32602.215
MinimumVisualStudioVersion = 10.0.40219.1
Project("{9A19103F-16F7-4668-BE54-9A1E7A4F7556}") = "Meteorite", "Meteorite\Meteorite.csproj", "{94A55C60-3428-4671-B335-BCF1BEE4E82D}"
EndProject
Project("{2150E333-8FDC-42A3-9474-1A3956D46DE8}") = "Examples", "Examples", "{E1581452-C08C-4576-A252-85401FCC7BDC}"
EndProject
Project("{FAE04EC0-301F-11D3-BF4B-00C04F79EFBC}") = "HelloWorld", "Examples\HelloWorld\HelloWorld.csproj", "{B6A3F7F1-E0A1-49B7-8122-A78C224DC099}"
EndProject
Global
	GlobalSection(SolutionConfigurationPlatforms) = preSolution
		Debug|Any CPU = Debug|Any CPU
		Release|Any CPU = Release|Any CPU
	EndGlobalSection
	GlobalSection(ProjectConfigurationPlatforms) = postSolution
		{94A55C60-3428-4671-B335-BCF1BEE4E82D}.Debug|Any CPU.ActiveCfg = Debug|Any CPU
		{94A55C60-3428-4671-B335-BCF1BEE4E82D}.Debug|Any CPU.Build.0 = Debug|Any CPU
		{94A55C60-3428-4671-B335-BCF1BEE4E82D}.Release|Any CPU.ActiveCfg = Release|Any CPU
		{94A55C60-3428-4671-B335-BCF1BEE4E82D}.Release|Any CPU.Build.0 = Release|Any CPU
		{B6A3F7F1-E0A1-49B7-8122-A78C224DC099}.Debug|Any CPU.ActiveCfg = Debug|Any CPU
		{B6A3F7F1-E0A1-49B7-8122-A78C224DC099}.Debug|Any CPU.Build.0 = Debug|Any CPU
		{B6A3F7F1-E0A1-49B7-8122-A78C224DC099}.Release|Any CPU.ActiveCfg = Release|Any CPU
		{B6A3F7F1-E0A1-49B7-8122-A78C224DC099}.Release|Any CPU.Build.0 = Release|Any CPU
	EndGlobalSection
	GlobalSection(SolutionProperties) = preSolution
		HideSolutionNode = FALSE
	EndGlobalSection
	GlobalSection(NestedProjects) = preSolution
		{B6A3F7F1-E0A1-49B7-8122-A78C224DC099} = {E1581452-C08C-4576-A252-85401FCC7BDC}
	EndGlobalSection
	GlobalSection(ExtensibilityGlobals) = postSolution
		SolutionGuid = {5A641C9D-223D-497D-B526-3B93DC793A90}
	EndGlobalSection
EndGlobal
